
Microsoft Visual Studio Solution File, Format Version 12.00
# Visual Studio Version 16
VisualStudioVersion = 16.0.31624.102
MinimumVisualStudioVersion = 10.0.40219.1
Project("{FAE04EC0-301F-11D3-BF4B-00C04F79EFBC}") = "BenivoNetwork", "BenivoNetwork\BenivoNetwork.csproj", "{324EB678-0443-40E9-813F-4E19B4F71722}"
EndProject
Global
	GlobalSection(SolutionConfigurationPlatforms) = preSolution
		Debug|Any CPU = Debug|Any CPU
		Release|Any CPU = Release|Any CPU
	EndGlobalSection
	GlobalSection(ProjectConfigurationPlatforms) = postSolution
		{324EB678-0443-40E9-813F-4E19B4F71722}.Debug|Any CPU.ActiveCfg = Debug|Any CPU
		{324EB678-0443-40E9-813F-4E19B4F71722}.Debug|Any CPU.Build.0 = Debug|Any CPU
		{324EB678-0443-40E9-813F-4E19B4F71722}.Release|Any CPU.ActiveCfg = Release|Any CPU
		{324EB678-0443-40E9-813F-4E19B4F71722}.Release|Any CPU.Build.0 = Release|Any CPU
	EndGlobalSection
	GlobalSection(SolutionProperties) = preSolution
		HideSolutionNode = FALSE
	EndGlobalSection
	GlobalSection(ExtensibilityGlobals) = postSolution
		SolutionGuid = {8EBC8E65-338E-41A9-B081-D85062B29A62}
	EndGlobalSection
EndGlobal
